
Microsoft Visual Studio Solution File, Format Version 12.00
# Visual Studio Version 17
VisualStudioVersion = 17.5.33530.505
MinimumVisualStudioVersion = 10.0.40219.1
Project("{9A19103F-16F7-4668-BE54-9A1E7A4F7556}") = "Zen.Z80", "Zen.Z80\Zen.Z80.csproj", "{6FE14656-B350-4BEB-8CF1-32637773D8F8}"
EndProject
Project("{2150E333-8FDC-42A3-9474-1A3956D46DE8}") = "Documentation", "Documentation", "{262096F9-4FC4-4573-98D0-B9A59DDD122C}"
	ProjectSection(SolutionItems) = preProject
		..\Documentation\Z80 Microprocessor Family.pdf = ..\Documentation\Z80 Microprocessor Family.pdf
		..\Documentation\Z80 User Manual.pdf = ..\Documentation\Z80 User Manual.pdf
	EndProjectSection
EndProject
Project("{2150E333-8FDC-42A3-9474-1A3956D46DE8}") = "Solution Items", "Solution Items", "{06811074-46FA-421F-B28C-D20E185821F8}"
	ProjectSection(SolutionItems) = preProject
		..\LICENSE = ..\LICENSE
		..\Notes.md = ..\Notes.md
		..\README.md = ..\README.md
	EndProjectSection
EndProject
Project("{9A19103F-16F7-4668-BE54-9A1E7A4F7556}") = "Zen.System", "Zen.System\Zen.System.csproj", "{237C82AF-C844-4134-B945-C0851D1D4B06}"
EndProject
Project("{2150E333-8FDC-42A3-9474-1A3956D46DE8}") = "Rom Images", "Rom Images", "{86BDD74D-2A78-4672-AAE1-88B896D75ED8}"
EndProject
Project("{2150E333-8FDC-42A3-9474-1A3956D46DE8}") = "ZX Spectrum 48K", "ZX Spectrum 48K", "{AE30155C-CA4E-4370-88A4-E905AA81672F}"
	ProjectSection(SolutionItems) = preProject
		..\Rom Images\ZX Spectrum 48K\image-0.rom = ..\Rom Images\ZX Spectrum 48K\image-0.rom
	EndProjectSection
EndProject
Project("{2150E333-8FDC-42A3-9474-1A3956D46DE8}") = "ZX Spectrum 128", "ZX Spectrum 128", "{416307A8-8FB6-44D5-A8B8-76B3D41F212B}"
	ProjectSection(SolutionItems) = preProject
		..\Rom Images\ZX Spectrum 128\image-0.rom = ..\Rom Images\ZX Spectrum 128\image-0.rom
		..\Rom Images\ZX Spectrum 128\image-1.rom = ..\Rom Images\ZX Spectrum 128\image-1.rom
	EndProjectSection
EndProject
Project("{2150E333-8FDC-42A3-9474-1A3956D46DE8}") = "ZX Spectrum +2", "ZX Spectrum +2", "{7744372E-AF0B-4D3A-B306-D58A63AF36D5}"
	ProjectSection(SolutionItems) = preProject
		..\Rom Images\ZX Spectrum +2\image-0.rom = ..\Rom Images\ZX Spectrum +2\image-0.rom
		..\Rom Images\ZX Spectrum +2\image-1.rom = ..\Rom Images\ZX Spectrum +2\image-1.rom
	EndProjectSection
EndProject
Project("{2150E333-8FDC-42A3-9474-1A3956D46DE8}") = "ZX Spectrum +3", "ZX Spectrum +3", "{EF1F1ACE-69DB-4E9E-BC43-36CF0F7A7DC9}"
	ProjectSection(SolutionItems) = preProject
		..\Rom Images\ZX Spectrum +3\image-0.rom = ..\Rom Images\ZX Spectrum +3\image-0.rom
		..\Rom Images\ZX Spectrum +3\image-1.rom = ..\Rom Images\ZX Spectrum +3\image-1.rom
		..\Rom Images\ZX Spectrum +3\image-2.rom = ..\Rom Images\ZX Spectrum +3\image-2.rom
		..\Rom Images\ZX Spectrum +3\image-3.rom = ..\Rom Images\ZX Spectrum +3\image-3.rom
	EndProjectSection
EndProject
Project("{9A19103F-16F7-4668-BE54-9A1E7A4F7556}") = "Zen.Z80.Tests", "Zen.Z80.Tests\Zen.Z80.Tests.csproj", "{7F667252-5C9D-4A9A-8D76-F4FCDF00E3FE}"
EndProject
Project("{9A19103F-16F7-4668-BE54-9A1E7A4F7556}") = "Zen.Common", "Zen.Common\Zen.Common.csproj", "{7317365A-3466-4E2E-8C35-B71025839B35}"
EndProject
Project("{9A19103F-16F7-4668-BE54-9A1E7A4F7556}") = "Zen.Z80.Test.JSMoo", "Zen.Z80.Test.JSMoo\Zen.Z80.Test.JSMoo.csproj", "{C595F361-FD73-43E8-83C2-013C402FD6C8}"
EndProject
Project("{9A19103F-16F7-4668-BE54-9A1E7A4F7556}") = "Zen.Utilities", "Zen.Utilities\Zen.Utilities.csproj", "{C1CB08F1-7498-4AD6-A6E1-C0EA2EAD0A7F}"
EndProject
Project("{FAE04EC0-301F-11D3-BF4B-00C04F79EFBC}") = "Zen.Desktop.Host", "Zen.Desktop.Host\Zen.Desktop.Host.csproj", "{5F224FF4-B320-4C9A-9C2C-8FC38997D73F}"
EndProject
Global
	GlobalSection(SolutionConfigurationPlatforms) = preSolution
		Debug|Any CPU = Debug|Any CPU
		Release|Any CPU = Release|Any CPU
	EndGlobalSection
	GlobalSection(ProjectConfigurationPlatforms) = postSolution
		{6FE14656-B350-4BEB-8CF1-32637773D8F8}.Debug|Any CPU.ActiveCfg = Debug|Any CPU
		{6FE14656-B350-4BEB-8CF1-32637773D8F8}.Debug|Any CPU.Build.0 = Debug|Any CPU
		{6FE14656-B350-4BEB-8CF1-32637773D8F8}.Release|Any CPU.ActiveCfg = Release|Any CPU
		{6FE14656-B350-4BEB-8CF1-32637773D8F8}.Release|Any CPU.Build.0 = Release|Any CPU
		{237C82AF-C844-4134-B945-C0851D1D4B06}.Debug|Any CPU.ActiveCfg = Debug|Any CPU
		{237C82AF-C844-4134-B945-C0851D1D4B06}.Debug|Any CPU.Build.0 = Debug|Any CPU
		{237C82AF-C844-4134-B945-C0851D1D4B06}.Release|Any CPU.ActiveCfg = Release|Any CPU
		{237C82AF-C844-4134-B945-C0851D1D4B06}.Release|Any CPU.Build.0 = Release|Any CPU
		{7F667252-5C9D-4A9A-8D76-F4FCDF00E3FE}.Debug|Any CPU.ActiveCfg = Debug|Any CPU
		{7F667252-5C9D-4A9A-8D76-F4FCDF00E3FE}.Debug|Any CPU.Build.0 = Debug|Any CPU
		{7F667252-5C9D-4A9A-8D76-F4FCDF00E3FE}.Release|Any CPU.ActiveCfg = Release|Any CPU
		{7F667252-5C9D-4A9A-8D76-F4FCDF00E3FE}.Release|Any CPU.Build.0 = Release|Any CPU
		{7317365A-3466-4E2E-8C35-B71025839B35}.Debug|Any CPU.ActiveCfg = Debug|Any CPU
		{7317365A-3466-4E2E-8C35-B71025839B35}.Debug|Any CPU.Build.0 = Debug|Any CPU
		{7317365A-3466-4E2E-8C35-B71025839B35}.Release|Any CPU.ActiveCfg = Release|Any CPU
		{7317365A-3466-4E2E-8C35-B71025839B35}.Release|Any CPU.Build.0 = Release|Any CPU
		{C595F361-FD73-43E8-83C2-013C402FD6C8}.Debug|Any CPU.ActiveCfg = Debug|Any CPU
		{C595F361-FD73-43E8-83C2-013C402FD6C8}.Debug|Any CPU.Build.0 = Debug|Any CPU
		{C595F361-FD73-43E8-83C2-013C402FD6C8}.Release|Any CPU.ActiveCfg = Release|Any CPU
		{C595F361-FD73-43E8-83C2-013C402FD6C8}.Release|Any CPU.Build.0 = Release|Any CPU
		{C1CB08F1-7498-4AD6-A6E1-C0EA2EAD0A7F}.Debug|Any CPU.ActiveCfg = Debug|Any CPU
		{C1CB08F1-7498-4AD6-A6E1-C0EA2EAD0A7F}.Debug|Any CPU.Build.0 = Debug|Any CPU
		{C1CB08F1-7498-4AD6-A6E1-C0EA2EAD0A7F}.Release|Any CPU.ActiveCfg = Release|Any CPU
		{C1CB08F1-7498-4AD6-A6E1-C0EA2EAD0A7F}.Release|Any CPU.Build.0 = Release|Any CPU
		{5F224FF4-B320-4C9A-9C2C-8FC38997D73F}.Debug|Any CPU.ActiveCfg = Debug|Any CPU
		{5F224FF4-B320-4C9A-9C2C-8FC38997D73F}.Debug|Any CPU.Build.0 = Debug|Any CPU
		{5F224FF4-B320-4C9A-9C2C-8FC38997D73F}.Release|Any CPU.ActiveCfg = Release|Any CPU
		{5F224FF4-B320-4C9A-9C2C-8FC38997D73F}.Release|Any CPU.Build.0 = Release|Any CPU
	EndGlobalSection
	GlobalSection(SolutionProperties) = preSolution
		HideSolutionNode = FALSE
	EndGlobalSection
	GlobalSection(NestedProjects) = preSolution
		{AE30155C-CA4E-4370-88A4-E905AA81672F} = {86BDD74D-2A78-4672-AAE1-88B896D75ED8}
		{416307A8-8FB6-44D5-A8B8-76B3D41F212B} = {86BDD74D-2A78-4672-AAE1-88B896D75ED8}
		{7744372E-AF0B-4D3A-B306-D58A63AF36D5} = {86BDD74D-2A78-4672-AAE1-88B896D75ED8}
		{EF1F1ACE-69DB-4E9E-BC43-36CF0F7A7DC9} = {86BDD74D-2A78-4672-AAE1-88B896D75ED8}
	EndGlobalSection
	GlobalSection(ExtensibilityGlobals) = postSolution
		SolutionGuid = {D017ADAC-68FC-44BB-A2DF-CD7402B243CB}
	EndGlobalSection
EndGlobal
