
Microsoft Visual Studio Solution File, Format Version 12.00
# Visual Studio Version 17
VisualStudioVersion = 17.5.33530.505
MinimumVisualStudioVersion = 10.0.40219.1
Project("{FAE04EC0-301F-11D3-BF4B-00C04F79EFBC}") = "Zen.Core.Z80", "Zen.Core.Z80\Zen.Core.Z80.csproj", "{86FCBC66-045C-4418-9A29-198705E06B4F}"
EndProject
Global
	GlobalSection(SolutionConfigurationPlatforms) = preSolution
		Debug|Any CPU = Debug|Any CPU
		Release|Any CPU = Release|Any CPU
	EndGlobalSection
	GlobalSection(ProjectConfigurationPlatforms) = postSolution
		{86FCBC66-045C-4418-9A29-198705E06B4F}.Debug|Any CPU.ActiveCfg = Debug|Any CPU
		{86FCBC66-045C-4418-9A29-198705E06B4F}.Debug|Any CPU.Build.0 = Debug|Any CPU
		{86FCBC66-045C-4418-9A29-198705E06B4F}.Release|Any CPU.ActiveCfg = Release|Any CPU
		{86FCBC66-045C-4418-9A29-198705E06B4F}.Release|Any CPU.Build.0 = Release|Any CPU
	EndGlobalSection
	GlobalSection(SolutionProperties) = preSolution
		HideSolutionNode = FALSE
	EndGlobalSection
	GlobalSection(ExtensibilityGlobals) = postSolution
		SolutionGuid = {E848C4E7-5EC4-4489-8557-1AF76303702E}
	EndGlobalSection
EndGlobal
